---
lockfileVersion: '9.0'

importers:

  .:
    configDependencies: {}
    packageManagerDependencies:
      pnpm:
        specifier: 12.4.1
        version: 12.4.1

packages:

  '@pnpm/exe.android-arm64@12.4.1':
    resolution: {integrity: sha512-/HwsqXMSmlOfgtV9+O0ratzjV6Vd/8n1hh4rGHpCGmDURvt52MwZxdbhyxP4K03ZfvgSDvotFPr8O+RzE5Eu8A==}
    cpu: [arm64]
    os: [android]

  '@pnpm/exe.android-x64@12.4.1':
    resolution: {integrity: sha512-+l74Qb4c2YjOzNKHXJLg+1wr8xHM1ckkUhnU5KRUK9TJqiiczt6yeTZqqzHIlJ8i6pAoj5V0OJevDRwnQKLgrQ==}
    cpu: [x64]
    os: [android]

  '@pnpm/exe.darwin-arm64@12.4.1':
    resolution: {integrity: sha512-6rkZkT3iGfaxknUdGHraqSWFvTa6N0ajAHluv9Ax0GRWs0sIcGNiFhDopv6xSZCsJZmG483aNS/b6UEDy3blfw==}
    cpu: [arm64]
    os: [darwin]

  '@pnpm/exe.darwin-x64@12.4.1':
    resolution: {integrity: sha512-Vb1CHlR88HghC1qUxjxjs82zQSXnXacPD+btG2CmG8Q/hBU7Q0/b2YWJKSQqZXicunV5khFtfTlAwJddV9RkYA==}
    cpu: [x64]
    os: [darwin]

  '@pnpm/exe.freebsd-x64@12.4.1':
    resolution: {integrity: sha512-iT3iHz3Nl0Sxxj7UPOtZ/aQ81AFsQhjoeWMAlPkSRO04gsgDGAXv3UYxOFaesMWsfNxaGn0A+CITbuCHFF66FA==}
    cpu: [x64]
    os: [freebsd]

  '@pnpm/exe.linux-arm64-musl@12.4.1':
    resolution: {integrity: sha512-aBooZfNXM5f+OGUgCAMFWpE/kAhsWfvmqIyMtHy6zl3aNxyInWrcY/Saln/UElzo7lZWMC0Yktroxd/2J26lNQ==}
    cpu: [arm64]
    os: [linux]
    libc: [musl]

  '@pnpm/exe.linux-arm64@12.4.1':
    resolution: {integrity: sha512-TlOdacTTP09BgcMvwWBFRsu8VAjfwqwnslBj+XSq1JFM3ck4f3k+1O/747EuctxZxs3/o785b6Q3s7Pd92Ptsg==}
    cpu: [arm64]
    os: [linux]
    libc: [glibc]

  '@pnpm/exe.linux-ppc64@12.4.1':
    resolution: {integrity: sha512-r/ab/MlIBo75oizUP5ITiziCCrnXz4SJwfErLQ+603AshB+Yq7xTMCoMtzTSCAMu6aaymIKkAFtZvd2J75Wq0w==}
    cpu: [ppc64]
    os: [linux]
    libc: [glibc]

  '@pnpm/exe.linux-riscv64@12.4.1':
    resolution: {integrity: sha512-C/D1QWdKMiB8+wv/spl1rGITFUuqC+aI/fb6h8NB5sqxsOaGXeYc/g891oCuzggHn6SODk9p+I09hI76x/cMNw==}
    cpu: [riscv64]
    os: [linux]
    libc: [glibc]

  '@pnpm/exe.linux-s390x@12.4.1':
    resolution: {integrity: sha512-nxz5zD4yXt94uzbStDk0QTPKW+aE92hH1b5tFXK9ctB1HE9Xcq1vjTiA2LsZMFC6p4gdu5OwQeFqYNAVGa6QlA==}
    cpu: [s390x]
    os: [linux]
    libc: [glibc]

  '@pnpm/exe.linux-x64-musl@12.4.1':
    resolution: {integrity: sha512-5AwgFdGhVUg2kIweYGfxzSLEHiIG77PQhZAkXC3TwofQHsu1Wr+TrV5/rNX2PopFnHRzuE581zoB8F6Wle32yg==}
    cpu: [x64]
    os: [linux]
    libc: [musl]

  '@pnpm/exe.linux-x64@12.4.1':
    resolution: {integrity: sha512-FJOZuuuQMhp0oLzBtcKkLXknBI92hfkmSnlKc47vfin4HrmfID5khY2lGekL9tCzk1cpR+HShEw/meFl+nHtzQ==}
    cpu: [x64]
    os: [linux]
    libc: [glibc]

  '@pnpm/exe.win32-arm64@12.4.1':
    resolution: {integrity: sha512-OO7eKBL9S+xk5hRy+JUUZSNJknGuGe3GEUffsrlC2LbqKF02g+VX1anGIzSbJDvkkdnpJhSlxF5AUz2JzJu2Jw==}
    cpu: [arm64]
    os: [win32]

  '@pnpm/exe.win32-x64@12.4.1':
    resolution: {integrity: sha512-x7gJHZgHo6hp354xCYA2NvoFzYJkHwovt2kVsUBK5EmXULLcP51JGMq09CX+5FRFJUZFKoXjLu3mZWmfP7o6PQ==}
    cpu: [x64]
    os: [win32]

  pnpm@12.4.1:
    resolution: {integrity: sha512-LoHjmdc/6DkNqyXgaqeIq3pZCCSNL1o3D4K0gRR6ano2e/gEj5pv22Rg8hpm8FQt7bi5TKLIcjWWdBkgsWVtTA==}
    engines: {node: '>=18.*'}
    hasBin: true

snapshots:

  '@pnpm/exe.android-arm64@12.4.1':
    optional: true

  '@pnpm/exe.android-x64@12.4.1':
    optional: true

  '@pnpm/exe.darwin-arm64@12.4.1':
    optional: true

  '@pnpm/exe.darwin-x64@12.4.1':
    optional: true

  '@pnpm/exe.freebsd-x64@12.4.1':
    optional: true

  '@pnpm/exe.linux-arm64-musl@12.4.1':
    optional: true

  '@pnpm/exe.linux-arm64@12.4.1':
    optional: true

  '@pnpm/exe.linux-ppc64@12.4.1':
    optional: true

  '@pnpm/exe.linux-riscv64@12.4.1':
    optional: true

  '@pnpm/exe.linux-s390x@12.4.1':
    optional: true

  '@pnpm/exe.linux-x64-musl@12.4.1':
    optional: true

  '@pnpm/exe.linux-x64@12.4.1':
    optional: true

  '@pnpm/exe.win32-arm64@12.4.1':
    optional: true

  '@pnpm/exe.win32-x64@12.4.1':
    optional: true

  pnpm@12.4.1:
    optionalDependencies:
      '@pnpm/exe.android-arm64': 12.4.1
      '@pnpm/exe.android-x64': 12.4.1
      '@pnpm/exe.darwin-arm64': 12.4.1
      '@pnpm/exe.darwin-x64': 12.4.1
      '@pnpm/exe.freebsd-x64': 12.4.1
      '@pnpm/exe.linux-arm64': 12.4.1
      '@pnpm/exe.linux-arm64-musl': 12.4.1
      '@pnpm/exe.linux-ppc64': 12.4.1
      '@pnpm/exe.linux-riscv64': 12.4.1
      '@pnpm/exe.linux-s390x': 12.4.1
      '@pnpm/exe.linux-x64': 12.4.1
      '@pnpm/exe.linux-x64-musl': 12.4.1
      '@pnpm/exe.win32-arm64': 12.4.1
      '@pnpm/exe.win32-x64': 12.4.1

---
lockfileVersion: '9.0'

settings:
  autoInstallPeers: true
  excludeLinksFromLockfile: false

importers:

  .:
    devDependencies:
      '@biomejs/biome':
        specifier: ^2.5.13
        version: 2.5.13
      '@domi/store':
        specifier: workspace:*
        version: link:packages/store
      '@types/bun':
        specifier: ^1.4.0
        version: 1.4.2
      dependency-cruiser:
        specifier: ^17.0.0
        version: 17.4.3
      typescript:
        specifier: ^5.9.0
        version: 5.9.3
      zod:
        specifier: ^4.6.5
        version: 4.6.5

  apps/tui:
    dependencies:
      '@domi/cli':
        specifier: workspace:*
        version: link:../../packages/cli
      '@domi/client-core':
        specifier: workspace:*
        version: link:../../packages/client-core
      '@domi/config':
        specifier: workspace:*
        version: link:../../packages/config
      '@domi/runtime':
        specifier: workspace:*
        version: link:../../packages/runtime
      '@nanostores/react':
        specifier: ^1.0.0
        version: 1.1.0(nanostores@1.5.3)(react@19.3.0)
      ink:
        specifier: ^7.1.1
        version: 7.1.1(@types/react@19.3.0)(react@19.3.0)
      nanostores:
        specifier: ^1.5.3
        version: 1.5.3
      react:
        specifier: ^19.3.0
        version: 19.3.0
    devDependencies:
      '@domi/protocol':
        specifier: workspace:*
        version: link:../../packages/protocol
      '@types/react':
        specifier: ^19.0.0
        version: 19.3.0

  packages/capability:
    dependencies:
      '@domi/protocol':
        specifier: workspace:*
        version: link:../protocol
      zod:
        specifier: ^4.6.5
        version: 4.6.5
    devDependencies:
      '@domi/kernel':
        specifier: workspace:*
        version: link:../kernel

  packages/checkpoint:
    dependencies:
      '@domi/protocol':
        specifier: workspace:*
        version: link:../protocol

  packages/cli:
    dependencies:
      '@domi/checkpoint':
        specifier: workspace:*
        version: link:../checkpoint
      '@domi/config':
        specifier: workspace:*
        version: link:../config
      '@domi/eval':
        specifier: workspace:*
        version: link:../eval
      '@domi/model':
        specifier: workspace:*
        version: link:../model
      '@domi/observability':
        specifier: workspace:*
        version: link:../observability
      '@domi/prompt':
        specifier: workspace:*
        version: link:../prompt
      '@domi/store':
        specifier: workspace:*
        version: link:../store
      '@domi/trace':
        specifier: workspace:*
        version: link:../trace

  packages/client-core:
    dependencies:
      '@domi/protocol':
        specifier: workspace:*
        version: link:../protocol
      nanostores:
        specifier: ^1.5.3
        version: 1.5.3

  packages/config:
    dependencies:
      zod:
        specifier: ^4.6.5
        version: 4.6.5

  packages/daemon:
    dependencies:
      '@domi/config':
        specifier: workspace:*
        version: link:../config
      '@domi/protocol':
        specifier: workspace:*
        version: link:../protocol
      '@domi/runtime':
        specifier: workspace:*
        version: link:../runtime
      '@domi/store':
        specifier: workspace:*
        version: link:../store
    devDependencies:
      '@domi/client-core':
        specifier: workspace:*
        version: link:../client-core
      '@domi/model':
        specifier: workspace:*
        version: link:../model

  packages/eval:
    dependencies:
      '@domi/kernel':
        specifier: workspace:*
        version: link:../kernel
      '@domi/model':
        specifier: workspace:*
        version: link:../model
      '@domi/protocol':
        specifier: workspace:*
        version: link:../protocol
      '@domi/store':
        specifier: workspace:*
        version: link:../store

  packages/kernel:
    dependencies:
      '@domi/protocol':
        specifier: workspace:*
        version: link:../protocol
    devDependencies:
      '@domi/capability':
        specifier: workspace:*
        version: link:../capability
      '@domi/model':
        specifier: workspace:*
        version: link:../model
      '@domi/store':
        specifier: workspace:*
        version: link:../store

  packages/memory:
    dependencies:
      '@domi/capability':
        specifier: workspace:*
        version: link:../capability
      '@domi/kernel':
        specifier: workspace:*
        version: link:../kernel
      '@domi/protocol':
        specifier: workspace:*
        version: link:../protocol
      '@domi/store':
        specifier: workspace:*
        version: link:../store
      zod:
        specifier: ^4.6.5
        version: 4.6.5

  packages/model:
    dependencies:
      '@ai-sdk/anthropic':
        specifier: ^4.0.53
        version: 4.0.53(zod@4.6.5)
      '@ai-sdk/google':
        specifier: ^3.0.0
        version: 3.0.122(zod@4.6.5)
      '@ai-sdk/openai':
        specifier: ^3.0.0
        version: 3.0.112(zod@4.6.5)
      '@ai-sdk/openai-compatible':
        specifier: ^2.0.0
        version: 2.0.75(zod@4.6.5)
      '@domi/protocol':
        specifier: workspace:*
        version: link:../protocol
      ai:
        specifier: ^7.0.99
        version: 7.0.99(zod@4.6.5)
    devDependencies:
      zod:
        specifier: ^4.6.5
        version: 4.6.5

  packages/observability:
    dependencies:
      '@domi/store':
        specifier: workspace:*
        version: link:../store

  packages/prompt:
    dependencies:
      '@domi/protocol':
        specifier: workspace:*
        version: link:../protocol

  packages/protocol:
    dependencies:
      zod:
        specifier: ^4.6.5
        version: 4.6.5

  packages/runtime:
    dependencies:
      '@domi/capability':
        specifier: workspace:*
        version: link:../capability
      '@domi/config':
        specifier: workspace:*
        version: link:../config
      '@domi/kernel':
        specifier: workspace:*
        version: link:../kernel
      '@domi/memory':
        specifier: workspace:*
        version: link:../memory
      '@domi/model':
        specifier: workspace:*
        version: link:../model
      '@domi/protocol':
        specifier: workspace:*
        version: link:../protocol
      '@domi/store':
        specifier: workspace:*
        version: link:../store
      zod:
        specifier: ^4.6.5
        version: 4.6.5

  packages/store:
    dependencies:
      '@domi/protocol':
        specifier: workspace:*
        version: link:../protocol

  packages/trace:
    dependencies:
      '@domi/kernel':
        specifier: workspace:*
        version: link:../kernel
      '@domi/protocol':
        specifier: workspace:*
        version: link:../protocol
      '@domi/store':
        specifier: workspace:*
        version: link:../store

packages:

  '@ai-sdk/anthropic@4.0.53':
    resolution: {integrity: sha512-JMxAuCFte6mFOvoaUcig3Dp2LObin0wU2Li8ncsveh7hHKW7cG3g1bFjooxn1paxeT8UUf5XMSjhxtXG9wFLig==}
    engines: {node: '>=22'}
    peerDependencies:
      zod: ^3.25.76 || ^4.1.8

  '@ai-sdk/gateway@4.0.80':
    resolution: {integrity: sha512-6t+07o8lSthpKf64Xb1qHWR2bWvJ3Fd2oFvS9fQc45p31bi2OUqan246e/ojAmZpWCiMPjKyQ4TBr4MYytnTiQ==}
    engines: {node: '>=22'}
    peerDependencies:
      zod: ^3.25.76 || ^4.1.8

  '@ai-sdk/google@3.0.122':
    resolution: {integrity: sha512-GntcGIfRviU9ZhORN2yoQcp9Hy5cv0w6iqRLaX0/BNdTogG5JX7g7l/Tv6Uev379iJizcHBd+U0cLB78KDrMxw==}
    engines: {node: '>=18'}
    peerDependencies:
      zod: ^3.25.76 || ^4.1.8

  '@ai-sdk/openai-compatible@2.0.75':
    resolution: {integrity: sha512-W9w3tCoYrevct2Ips2X4EFOow8Kzrg0nqVJi9jm0lHiMlTmTON4nzaCv3Zkzg6eFCJJVH60kd4+t7tHgtOxx9Q==}
    engines: {node: '>=18'}
    peerDependencies:
      zod: ^3.25.76 || ^4.1.8

  '@ai-sdk/openai@3.0.112':
    resolution: {integrity: sha512-0ho3a9CJ+3KCcrPdBQx8fX7/gyUxFHsfs1M6++SpunYk8+pgGOPMskr0GVOOxY+94jsJbuGxksKfMuSYhYHcxw==}
    engines: {node: '>=18'}
    peerDependencies:
      zod: ^3.25.76 || ^4.1.8

  '@ai-sdk/provider-utils@4.0.51':
    resolution: {integrity: sha512-ukLTs9x1Xm6lxSIwbJIxYQxbZHmVeIczNntARZrBcOa6pjdBhqeZnATNnJMHa7M9dZ8Ji5NJbpKpvz7o5XyBtg==}
    engines: {node: '>=18.17'}
    peerDependencies:
      zod: ^3.25.76 || ^4.1.8

  '@ai-sdk/provider-utils@5.0.40':
    resolution: {integrity: sha512-zsXPwSAQ9mRJ2hvyITaLOYUyuGrBmzFhJXOg4mllGmla1PfNxZcm4GwqMiV2xQaDgcgBMdUGxXkp9xekZZNIkg==}
    engines: {node: '>=22'}
    peerDependencies:
      zod: ^3.25.76 || ^4.1.8

  '@ai-sdk/provider@3.0.16':
    resolution: {integrity: sha512-9Av6kg0t/IN/dcYAAmEJ4B9OPhcEJqwSR+GfHEA8olRkindXpUHadc3p3cyvgFUQFTVm1G5thtsmgZ9yVb2w3A==}
    engines: {node: '>=18'}

  '@ai-sdk/provider@4.0.14':
    resolution: {integrity: sha512-yukP2tbcQQErG5gLCMBGvpvb/rM3D3KlTKG6eKKOdNHLHqtNNDEeBxdYrY/JL+O76B2ig5dXY19H/f1HFSvRiQ==}
    engines: {node: '>=22'}

  '@alcalzone/ansi-tokenize@0.3.0':
    resolution: {integrity: sha512-p+CMKJ93HFmLkjXKlXiVGlMQEuRb6H0MokBSwUsX+S6BRX8eV5naFZpQJFfJHjRZY0Hmnqy1/r6UWl3x+19zYA==}
    engines: {node: '>=18'}

  '@biomejs/biome@2.5.13':
    resolution: {integrity: sha512-+SEC/mFk1a+5mvUANZgbZTaiZXs1nj4iMhL/PHiqDT5TPUEPFIlliEtkKKZB4N862yylHC3UI+/Sj2I0HJEqhA==}
    engines: {node: '>=14.21.3'}
    hasBin: true

  '@biomejs/cli-darwin-arm64@2.5.13':
    resolution: {integrity: sha512-nYSuDJ6zgVqZUkAkJkvhXxsF2PYIrUk/g638K4voCXz7foI9f7b6C2/7+oAihsHQlivZNMUrm/y8ywlcHQtZOw==}
    engines: {node: '>=14.21.3'}
    cpu: [arm64]
    os: [darwin]

  '@biomejs/cli-darwin-x64@2.5.13':
    resolution: {integrity: sha512-KVy1ceEDuJ3AzFxjT9kkxbVy+UANw1pjEMUS6lvKfxjJ+fmkRvc7sQn1Xo6ETgseEI7wUQoV03KSga3XfE8YRQ==}
    engines: {node: '>=14.21.3'}
    cpu: [x64]
    os: [darwin]

  '@biomejs/cli-linux-arm64-musl@2.5.13':
    resolution: {integrity: sha512-CH32xpep3dNS5EVJpAHlYchkBYznxyVZQrx0b6YYYlPL9u9ZeD2NtqiK/6s64+HFS2a7hGnryLlqqZAOh8ax5g==}
    engines: {node: '>=14.21.3'}
    cpu: [arm64]
    os: [linux]
    libc: [musl]

  '@biomejs/cli-linux-arm64@2.5.13':
    resolution: {integrity: sha512-VlNMtoxOqs0dUR6drxxHr18SNUvI7xxAuHZlH4s/dstYSf3g6RaqVgo8JRnhcOhKz9afWrvtJTboNG1JuYlIDQ==}
    engines: {node: '>=14.21.3'}
    cpu: [arm64]
    os: [linux]
    libc: [glibc]

  '@biomejs/cli-linux-x64-musl@2.5.13':
    resolution: {integrity: sha512-F3pmwl+VHoUuVJN/tbNLKeLt0SVK3EIyN1jXlMcNyQGYRQQTVqXF+GgkP0/CjGXFN87e/mv0sBfUnWqWza5PKQ==}
    engines: {node: '>=14.21.3'}
    cpu: [x64]
    os: [linux]
    libc: [musl]

  '@biomejs/cli-linux-x64@2.5.13':
    resolution: {integrity: sha512-Fi6gIxbUaJ3ZCIXeG3ggIBPF76O2DjDN67WrPX/ODRv54GeXPm2gbEPC96Yb0yrJoiH0Eax1JLx1Pi0XbsNFZQ==}
    engines: {node: '>=14.21.3'}
    cpu: [x64]
    os: [linux]
    libc: [glibc]

  '@biomejs/cli-win32-arm64@2.5.13':
    resolution: {integrity: sha512-+WD13qshXrr0Icv4BfsAdzm8Fs3TL+nZ59zEQxsYNd8lcgZJ0A5+OrlwsL1PipVCmWeRpxgIPD6DAcEd7smkCQ==}
    engines: {node: '>=14.21.3'}
    cpu: [arm64]
    os: [win32]

  '@biomejs/cli-win32-x64@2.5.13':
    resolution: {integrity: sha512-VOofU/nW761XWzUeUNE8zzYNyPrxuMuNFMizL0qz7J75yeV8N7WFheUlk1/K6dOkaFpH9wJ+lDKlwjAbw0346w==}
    engines: {node: '>=14.21.3'}
    cpu: [x64]
    os: [win32]

  '@nanostores/react@1.1.0':
    resolution: {integrity: sha512-MbH35fjhcf7LAubYX5vhOChYUfTLzNLqH/mBGLVsHkcvjy0F8crO1WQwdmQ2xKbAmtpalDa2zBt3Hlg5kqr8iw==}
    engines: {node: ^20.0.0 || >=22.0.0}
    peerDependencies:
      nanostores: ^1.2.0
      react: '>=18.0.0'

  '@standard-schema/spec@1.1.0':
    resolution: {integrity: sha512-l2aFy5jALhniG5HgqrD6jXLi/rUWrKvqN/qJx6yoJsgKhblVd+iqqU4RCXavm/jPityDo5TCvKMnpjKnOriy0w==}

  '@types/bun@1.4.2':
    resolution: {integrity: sha512-GimotNn7+ZV0uVArItBbriZsR1oNf0+WTzPkdcFrzShI7k2norL0uzEaJT8T33dWr7O/c9ZDuAFQrctKCi72oQ==}

  '@types/node@26.5.1':
    resolution: {integrity: sha512-CzNm2FezW4VR/LjG6yUdiEgLE/rAQ9Slj5gCu/C2VrdcW7I0ahNZ8DRbHT7zOZ6r3ONgd/bsQIeSaoDGrd1C6g==}

  '@types/react@19.3.0':
    resolution: {integrity: sha512-N0rFCuH9YoxG9/m61l9MfpJKfmLOVU0em7ipIz6TRgSSkvReLB9vL85GB+yr8Bs5leqpvg96JSwF4ZS1s4viQg==}

  '@vercel/oidc@3.2.0':
    resolution: {integrity: sha512-UycprH3T6n3jH0k44NHMa7pnFHGu/N05MjojYr+Mc6I7obkoLIJujSWwin1pCvdy/eOxrI/l3uDLQsmcrOb4ug==}
    engines: {node: '>= 20'}

  '@workflow/serde@4.1.0':
    resolution: {integrity: sha512-pav4F2BoirECWR7Nf1TKt+2eETcBj7jj4cBefQ8VXQCA6NPkaKeLfj/zMgi+3zYV5ZIBT4GuUiphsj0/b9hPQQ==}

  acorn-jsx-walk@2.0.0:
    resolution: {integrity: sha512-uuo6iJj4D4ygkdzd6jPtcxs8vZgDX9YFIkqczGImoypX2fQ4dVImmu3UzA4ynixCIMTrEOWW+95M2HuBaCEOVA==}

  acorn-jsx@5.3.2:
    resolution: {integrity: sha512-rq9s+JNhf0IChjtDXxllJ7g41oZk5SlXtp0LHwyA5cejwn7vKmKp4pPri6YEePv2PU65sAsegbXtIinmDFDXgQ==}
    peerDependencies:
      acorn: ^6.0.0 || ^7.0.0 || ^8.0.0

  acorn-loose@8.5.2:
    resolution: {integrity: sha512-PPvV6g8UGMGgjrMu+n/f9E/tCSkNQ2Y97eFvuVdJfG11+xdIeDcLyNdC8SHcrHbRqkfwLASdplyR6B6sKM1U4A==}
    engines: {node: '>=0.4.0'}

  acorn-walk@8.3.5:
    resolution: {integrity: sha512-HEHNfbars9v4pgpW6SO1KSPkfoS0xVOM/9UzkJltjlsHZmJasxg8aXkuZa7SMf8vKGIBhpUsPluQSqhJFCqebw==}
    engines: {node: '>=0.4.0'}

  acorn@8.16.0:
    resolution: {integrity: sha512-UVJyE9MttOsBQIDKw1skb9nAwQuR5wuGD3+82K6JgJlm/Y+KI92oNsMNGZCYdDsVtRHSak0pcV5Dno5+4jh9sw==}
    engines: {node: '>=0.4.0'}
    hasBin: true

  ai@7.0.99:
    resolution: {integrity: sha512-Ov+3j/nSajaVH5hO8C94wN9wisG5tAJ8HWsLV9d/+nlzrRGUh3oYO3Kp1fRyUNWjAWLSpGLHLPaHCdfxb307Vg==}
    engines: {node: '>=22'}
    peerDependencies:
      zod: ^3.25.76 || ^4.1.8

  ansi-escapes@7.3.0:
    resolution: {integrity: sha512-BvU8nYgGQBxcmMuEeUEmNTvrMVjJNSH7RgW24vXexN4Ven6qCvy4TntnvlnwnMLTVlcRQQdbRY8NKnaIoeWDNg==}
    engines: {node: '>=18'}

  ansi-regex@6.3.0:
    resolution: {integrity: sha512-WpDfL7NO6j7tH88IDBNVdUJxDh9nmCteAVW9dsep846XdwF4naCBK+/tGLX3KJgcpgMRXCFlTM2hKGoK9FsdrQ==}
    engines: {node: '>=12'}

  ansi-styles@4.3.0:
    resolution: {integrity: sha512-zbB9rCJAT1rbjiVDb2hqKFHNYLxgtk8NURxZ3IZwD3F6NtxbXZQCnnSi1Lkx+IDohdPlFp222wVALIheZJQSEg==}
    engines: {node: '>=8'}

  ansi-styles@6.2.3:
    resolution: {integrity: sha512-4Dj6M28JB+oAH8kFkTLUo+a2jwOFkuqb3yucU0CANcRRUbxS0cP0nZYCGjcc3BNXwRIsUVmDGgzawme7zvJHvg==}
    engines: {node: '>=12'}

  auto-bind@5.0.1:
    resolution: {integrity: sha512-ooviqdwwgfIfNmDwo94wlshcdzfO64XV0Cg6oDsDYBJfITDz1EngD2z7DkbvCWn+XIMsIqW27sEVF6qcpJrRcg==}
    engines: {node: ^12.20.0 || ^14.13.1 || >=16.0.0}

  bun-types@1.4.2:
    resolution: {integrity: sha512-bxV1FgK7yBIzjRe5zBozIM4Bem11ZJcCXSrjWRG3YWLt8yFDePu4cLjpebO8OvPeIE9trbyPF4fuj3Cia4Fj3w==}

  chalk@4.1.2:
    resolution: {integrity: sha512-oKnbhFyRIXpUuez8iBMmyEa4nbj4IOQyuhc/wy9kY7/WVPcwIO9VA668Pu8RkO7+0G76SLROeyw9CpQ061i4mA==}
    engines: {node: '>=10'}

  chalk@5.6.2:
    resolution: {integrity: sha512-7NzBL0rN6fMUW+f7A6Io4h40qQlG+xGmtMxfbnH/K7TAtt8JQWVQK+6g0UXKMeVJoyV5EkkNsErQ8pVD3bLHbA==}
    engines: {node: ^12.17.0 || ^14.13 || >=16.0.0}

  cli-boxes@4.0.1:
    resolution: {integrity: sha512-5IOn+jcCEHEraYolBPs/sT4BxYCe2nHg374OPiItB1O96KZFseS2gthU4twyYzeDcFew4DaUM/xwc5BQf08JJw==}
    engines: {node: '>=18.20 <19 || >=20.10'}

  cli-cursor@4.0.0:
    resolution: {integrity: sha512-VGtlMu3x/4DOtIUwEkRezxUZ2lBacNJCHash0N0WeZDBS+7Ux1dm3XWAgWYxLJFMMdOeXMHXorshEFhbMSGelg==}
    engines: {node: ^12.20.0 || ^14.13.1 || >=16.0.0}

  cli-truncate@6.1.1:
    resolution: {integrity: sha512-06p9vyLahLa4zkGcgsGxU6iEkSOiuI4fhCH6Emhe2lPAcoUv73n72DnODsnHA+5wwXGnV0n9M9/qOQJSjYhFhw==}
    engines: {node: '>=22'}

  code-excerpt@4.0.0:
    resolution: {integrity: sha512-xxodCmBen3iy2i0WtAK8FlFNrRzjUqjRsMfho58xT/wvZU1YTM3fCnRjcy1gJPMepaRlgm/0e6w8SpWHpn3/cA==}
    engines: {node: ^12.20.0 || ^14.13.1 || >=16.0.0}

  color-convert@2.0.1:
    resolution: {integrity: sha512-RRECPsj7iu/xb5oKYcsFHSppFNnsj/52OVTRKb4zP5onXwVF3zVmmToNcOfGC+CRDpfK/U584fMg38ZHCaElKQ==}
    engines: {node: '>=7.0.0'}

  color-name@1.1.4:
    resolution: {integrity: sha512-dOy+3AuW3a2wNbZHIuMZpTcgjGuLU/uBL/ubcZF9OXbDo8ff4O8yVp5Bf0efS8uEoYo5q4Fx7dY9OgQGXgAsQA==}

  commander@14.0.3:
    resolution: {integrity: sha512-H+y0Jo/T1RZ9qPP4Eh1pkcQcLRglraJaSLoyOtHxu6AapkjWVCy2Sit1QQ4x3Dng8qDlSsZEet7g5Pq06MvTgw==}
    engines: {node: '>=20'}

  convert-to-spaces@2.0.1:
    resolution: {integrity: sha512-rcQ1bsQO9799wq24uE5AM2tAILy4gXGIK/njFWcVQkGNZ96edlpY+A7bjwvzjYvLDyzmG1MmMLZhpcsb+klNMQ==}
    engines: {node: ^12.20.0 || ^14.13.1 || >=16.0.0}

  csstype@3.2.3:
    resolution: {integrity: sha512-z1HGKcYy2xA8AGQfwrn0PAy+PB7X/GSj3UVJW9qKyn43xWa+gl5nXmU4qqLMRzWVLFC8KusUX8T/0kCiOYpAIQ==}

  dependency-cruiser@17.4.3:
    resolution: {integrity: sha512-L4GLuAvmXevWnPCIaFfOz6eD92c+yY+pDgVqgufrLDnW3xYA799CSZQlly2r2N13nhAlnZY6VzY7Rx5pHNvk2w==}
    engines: {node: ^20.12||^22||>=24}
    hasBin: true

  enhanced-resolve@5.22.1:
    resolution: {integrity: sha512-6QEuw3zoX1SJQc7b87aBXke/no+mG2bTBgw29gWMQonLmpEkWoCAVkl+M49e48AZlWzxiDzDZzYdp6kobcyLww==}
    engines: {node: '>=10.13.0'}

  environment@1.1.0:
    resolution: {integrity: sha512-xUtoPkMggbz0MPyPiIWr1Kp4aeWJjDZ6SMvURhimjdZgsRuDplF5/s9hcgGhyXMhs+6vpnuoiZ2kFiu3FMnS8Q==}
    engines: {node: '>=18'}

  es-errors@1.3.0:
    resolution: {integrity: sha512-Zf5H2Kxt2xjTvbJvP2ZWLEICxA6j+hAmMzIlypy4xcBg1vKVnx89Wy0GbS+kf5cwCVFFzdCFh2XSCFNULS6csw==}
    engines: {node: '>= 0.4'}

  es-toolkit@1.52.0:
    resolution: {integrity: sha512-XTNEJQh1tY1ZJVcf6ayP/2n4ZPyaHlW2FWs7xvw5ddPuhUVjLD3olQVQS7kf58JbAB48iL0uL/jerTrjtV3lDA==}

  escape-string-regexp@2.0.0:
    resolution: {integrity: sha512-UpzcLCXolUWcNu5HtVMHYdXJjArjsF9C0aNnquZYY4uW/Vu0miy5YoWvbV345HauVvcAUnpRuhMMcqTcGOY2+w==}
    engines: {node: '>=8'}

  eventsource-parser@3.1.1:
    resolution: {integrity: sha512-EKN1vKAMcZ8MlYMpaNuxN6R9yakzH6uajHcHVTqWJzvu5pWw9DyhbP35HH8MVBQ+dZjAfDxk+A8NiR9KWaXiyQ==}
    engines: {node: '>=18.0.0'}

  function-bind@1.1.2:
    resolution: {integrity: sha512-7XHNxH7qX9xG5mIwxkhumTox/MIRNcOgDrxWsMt2pAr23WHp6MrRlN7FBSFpCpr+oVO0F744iUgR82nJMfG2SA==}

  get-east-asian-width@1.6.0:
    resolution: {integrity: sha512-QRbvDIbx6YklUe6RxeTeleMR0yv3cYH6PsPZHcnVn7xv7zO1BHN8r0XETu8n6Ye3Q+ahtSarc3WgtNWmehIBfA==}
    engines: {node: '>=18'}

  global-directory@4.0.1:
    resolution: {integrity: sha512-wHTUcDUoZ1H5/0iVqEudYW4/kAlN5cZ3j/bXn0Dpbizl9iaUVeWSHqiOjsgk6OW2bkLclbBjzewBz6weQ1zA2Q==}
    engines: {node: '>=18'}

  graceful-fs@4.2.11:
    resolution: {integrity: sha512-RbJ5/jmFcNNCcDV5o9eTnBLJ/HszWV0P73bc+Ff4nS/rJj+YaS6IGyiOL0VoBYX+l1Wrl3k63h/KrH+nhJ0XvQ==}

  has-flag@4.0.0:
    resolution: {integrity: sha512-EykJT/Q1KjTWctppgIAgfSO0tKVuZUjhgMr17kqTumMl6Afv3EISleU7qZUzoXDFTAHTDC4NOoG/ZxU3EvlMPQ==}
    engines: {node: '>=8'}

  hasown@2.0.4:
    resolution: {integrity: sha512-T2UbfbBEF32wiepXIsMlTW9+dDYC6wMh/t/vYA4tuOMKqWz/n3vr1NFSxQiyP+zk2mXsoMA/i/7qV6LKut1t1A==}
    engines: {node: '>= 0.4'}

  ignore@7.0.5:
    resolution: {integrity: sha512-Hs59xBNfUIunMFgWAbGX5cq6893IbWg4KnrjbYwX3tx0ztorVgTDA6B2sxf8ejHJ4wz8BqGUMYlnzNBer5NvGg==}
    engines: {node: '>= 4'}

  indent-string@5.0.0:
    resolution: {integrity: sha512-m6FAo/spmsW2Ab2fU35JTYwtOKa2yAwXSwgjSv1TJzh4Mh7mC3lzAOVLBprb72XsTrgkEIsl7YrFNAiDiRhIGg==}
    engines: {node: '>=12'}

  ini@4.1.1:
    resolution: {integrity: sha512-QQnnxNyfvmHFIsj7gkPcYymR8Jdw/o7mp5ZFihxn6h8Ci6fh3Dx4E1gPjpQEpIuPo9XVNY/ZUwh4BPMjGyL01g==}
    engines: {node: ^14.17.0 || ^16.13.0 || >=18.0.0}

  ink@7.1.1:
    resolution: {integrity: sha512-Y43xxa1ZSPvpmfLHcN5o+OdP8Rf8ykkNJEuKYOUNZKT8wXVNLFTtEm1nSDMQkfBH+YANF4Xuu0hhZ4ejqAtN2w==}
    engines: {node: '>=22'}
    peerDependencies:
      '@types/react': '>=19.2.0'
      react: '>=19.2.0'
      react-devtools-core: '>=6.1.2'
    peerDependenciesMeta:
      '@types/react':
        optional: true
      react-devtools-core:
        optional: true

  interpret@3.1.1:
    resolution: {integrity: sha512-6xwYfHbajpoF0xLW+iwLkhwgvLoZDfjYfoFNu8ftMoXINzwuymNLd9u/KmwtdT2GbR+/Cz66otEGEVVUHX9QLQ==}
    engines: {node: '>=10.13.0'}

  is-core-module@2.16.2:
    resolution: {integrity: sha512-evOr8xfXKxE6qSR0hSXL2r3sd7ALj8+7jQEUvPYcm5sgZFdJ+AYzT6yNmJenvIYQBgIGwfwz08sL8zoL7yq2BA==}
    engines: {node: '>= 0.4'}

  is-fullwidth-code-point@5.1.0:
    resolution: {integrity: sha512-5XHYaSyiqADb4RnZ1Bdad6cPp8Toise4TzEjcOYDHZkTCbKgiUl7WTUCpNWHuxmDt91wnsZBc9xinNzopv3JMQ==}
    engines: {node: '>=18'}

  is-in-ci@2.0.0:
    resolution: {integrity: sha512-cFeerHriAnhrQSbpAxL37W1wcJKUUX07HyLWZCW1URJT/ra3GyUTzBgUnh24TMVfNTV2Hij2HLxkPHFZfOZy5w==}
    engines: {node: '>=20'}
    hasBin: true

  is-installed-globally@1.0.0:
    resolution: {integrity: sha512-K55T22lfpQ63N4KEN57jZUAaAYqYHEe8veb/TycJRk9DdSCLLcovXz/mL6mOnhQaZsQGwPhuFopdQIlqGSEjiQ==}
    engines: {node: '>=18'}

  is-path-inside@4.0.0:
    resolution: {integrity: sha512-lJJV/5dYS+RcL8uQdBDW9c9uWFLLBNRyFhnAKXw5tVqLlKZ4RMGZKv+YQ/IA3OhD+RpbJa1LLFM1FQPGyIXvOA==}
    engines: {node: '>=12'}

  json-schema@0.4.0:
    resolution: {integrity: sha512-es94M3nTIfsEPisRafak+HDLfHXnKBhV3vU5eqPcS3flIWqcxJWgXHXiey3YrpaNsanY5ei1VoYEbOzijuq9BA==}

  json5@2.2.3:
    resolution: {integrity: sha512-XmOWe7eyHYH14cLdVPoyg+GOH3rYX++KpzrylJwSW98t3Nk+U8XOl8FWKOgwtzdb8lXGf6zYwDUzeHMWfxasyg==}
    engines: {node: '>=6'}
    hasBin: true

  kleur@3.0.3:
    resolution: {integrity: sha512-eTIzlVOSUR+JxdDFepEYcBMtZ9Qqdef+rnzWdRZuMbOywu5tO2w2N7rqjoANZ5k9vywhL6Br1VRjUIgTQx4E8w==}
    engines: {node: '>=6'}

  mimic-fn@2.1.0:
    resolution: {integrity: sha512-OqbOk5oEQeAZ8WXWydlu9HJjz9WVdEIvamMCcXmuqUYjTknH/sqsWvhQ3vgwKFRR1HpjvNBKQ37nbJgYzGqGcg==}
    engines: {node: '>=6'}

  minimist@1.2.8:
    resolution: {integrity: sha512-2yyAR8qBkN3YuheJanUpWC5U3bb5osDywNB8RzDVlDwDHbocAJveqqj1u8+SVD7jkWT4yvsHCpWqqWqAxb0zCA==}

  nanostores@1.5.3:
    resolution: {integrity: sha512-rQLB6eV4f2AW/n3L0JmwCROpaisYy9EDEADvEFSd1C/qG8hB6O5TPlh9A791JRbJr4CnMQBzptDcvD9OR1+6WA==}
    engines: {node: ^20.0.0 || >=22.0.0}

  onetime@5.1.2:
    resolution: {integrity: sha512-kbpaSSGJTWdAY5KPVeMOKXSrPtr8C8C7wodJbcsd51jRnmD+GZu8Y0VoU6Dm5Z4vWr0Ig/1NKuWRKf7j5aaYSg==}
    engines: {node: '>=6'}

  patch-console@2.0.0:
    resolution: {integrity: sha512-0YNdUceMdaQwoKce1gatDScmMo5pu/tfABfnzEqeG0gtTmd7mh/WcwgUjtAeOU7N8nFFlbQBnFK2gXW5fGvmMA==}
    engines: {node: ^12.20.0 || ^14.13.1 || >=16.0.0}

  path-parse@1.0.7:
    resolution: {integrity: sha512-LDJzPVEEEPR+y48z93A0Ed0yXb8pAByGWo/k5YYdYgpY2/2EsOsksJrq7lOHxryrVOn1ejG6oAp8ahvOIQD8sw==}

  picomatch@4.0.4:
    resolution: {integrity: sha512-QP88BAKvMam/3NxH6vj2o21R6MjxZUAd6nlwAS/pnGvN9IVLocLHxGYIzFhg6fUQ+5th6P4dv4eW9jX3DSIj7A==}
    engines: {node: '>=12'}

  prompts@2.4.2:
    resolution: {integrity: sha512-NxNv/kLguCA7p3jE8oL2aEBsrJWgAakBpgmgK6lpPWV+WuOmY6r2/zbAVnP+T8bQlA0nzHXSJSJW0Hq7ylaD2Q==}
    engines: {node: '>= 6'}

  react-reconciler@0.33.0:
    resolution: {integrity: sha512-KetWRytFv1epdpJc3J4G75I4WrplZE5jOL7Yq0p34+OVOKF4Se7WrdIdVC45XsSSmUTlht2FM/fM1FZb1mfQeA==}
    engines: {node: '>=0.10.0'}
    peerDependencies:
      react: ^19.2.0

  react@19.3.0:
    resolution: {integrity: sha512-E8LUcbtBWt20bbl2YoHfx4ZDBdxVTfOKtCZn9cDSJ4l6/nuoApcpIBcj47t2wZoVX8g2ZHuMHbiShgCR1T5Sog==}
    engines: {node: '>=0.10.0'}

  rechoir@0.8.0:
    resolution: {integrity: sha512-/vxpCXddiX8NGfGO/mTafwjq4aFa/71pvamip0++IQk3zG8cbCj0fifNPrjjF1XMXUne91jL9OoxmdykoEtifQ==}
    engines: {node: '>= 10.13.0'}

  regexp-tree@0.1.27:
    resolution: {integrity: sha512-iETxpjK6YoRWJG5o6hXLwvjYAoW+FEZn9os0PD/b6AP6xQwsa/Y7lCVgIixBbUPMfhu+i2LtdeAqVTgGlQarfA==}
    hasBin: true

  resolve@1.22.12:
    resolution: {integrity: sha512-TyeJ1zif53BPfHootBGwPRYT1RUt6oGWsaQr8UyZW/eAm9bKoijtvruSDEmZHm92CwS9nj7/fWttqPCgzep8CA==}
    engines: {node: '>= 0.4'}
    hasBin: true

  restore-cursor@4.0.0:
    resolution: {integrity: sha512-I9fPXU9geO9bHOt9pHHOhOkYerIMsmVaWB0rA2AI9ERh/+x/i7MV5HKBNrg+ljO5eoPVgCcnFuRjJ9uH6I/3eg==}
    engines: {node: ^12.20.0 || ^14.13.1 || >=16.0.0}

  safe-regex@2.1.1:
    resolution: {integrity: sha512-rx+x8AMzKb5Q5lQ95Zoi6ZbJqwCLkqi3XuJXp5P3rT8OEc6sZCJG5AE5dU3lsgRr/F4Bs31jSlVN+j5KrsGu9A==}

  scheduler@0.27.0:
    resolution: {integrity: sha512-eNv+WrVbKu1f3vbYJT/xtiF5syA5HPIMtf9IgY/nKg0sWqzAUEvqY/xm7OcZc/qafLx/iO9FgOmeSAp4v5ti/Q==}

  semver@7.8.1:
    resolution: {integrity: sha512-rkVq3IXh+4FDGch+KwzX3aV9W3kO54GyEgpvBzSyctDA6Xtd7RJQV1xmXbeQp5v7+VzLOfVqiutSE6GICgPFvg==}
    engines: {node: '>=10'}
    hasBin: true

  signal-exit@3.0.7:
    resolution: {integrity: sha512-wnD2ZE+l+SPC/uoS0vXeE9L1+0wuaMqKlfz9AMUo38JsyLSBWSFcHR1Rri62LZc12vLr1gb3jl7iwQhgwpAbGQ==}

  sisteransi@1.0.5:
    resolution: {integrity: sha512-bLGGlR1QxBcynn2d5YmDX4MGjlZvy2MRBDRNHLJ8VI6l6+9FUiyTFNJ0IveOSP0bcXgVDPRcfGqA0pjaqUpfVg==}

  slice-ansi@9.0.0:
    resolution: {integrity: sha512-SO/3iYL5S3W57LLEniscOGPZgOqZUPCx6d3dB+52B80yJ0XstzsC/eV8gnA4tM3MHDrKz+OCFSLNjswdSC+/bA==}
    engines: {node: '>=22'}

  stack-utils@2.0.6:
    resolution: {integrity: sha512-XlkWvfIm6RmsWtNJx+uqtKLS8eqFbxUg0ZzLXqY0caEy9l7hruX8IpiDnjsLavoBgqCCR71TqWO8MaXYheJ3RQ==}
    engines: {node: '>=10'}

  string-width@8.2.2:
    resolution: {integrity: sha512-GaPUh5gfdrYzqeVNZvUfT23vYYxXzKYidUcnMtJg/3rxRV63EFZy3k6xfKlmfeJD0176lnUV/Usr3XcwSvFzpg==}
    engines: {node: '>=20'}

  strip-ansi@7.2.0:
    resolution: {integrity: sha512-yDPMNjp4WyfYBkHnjIRLfca1i6KMyGCtsVgoKe/z1+6vukgaENdgGBZt+ZmKPc4gavvEZ5OgHfHdrazhgNyG7w==}
    engines: {node: '>=12'}

  strip-bom@3.0.0:
    resolution: {integrity: sha512-vavAMRXOgBVNF6nyEEmL3DBK19iRpDcoIwW+swQ+CbGiu7lju6t+JklA1MHweoWtadgt4ISVUsXLyDq34ddcwA==}
    engines: {node: '>=4'}

  supports-color@7.2.0:
    resolution: {integrity: sha512-qpCAvRl9stuOHveKsn7HncJRvv501qIacKzQlO/+Lwxc9+0q2wLyv4Dfvt80/DPn2pqOBsJdDiogXGR9+OvwRw==}
    engines: {node: '>=8'}

  supports-preserve-symlinks-flag@1.0.0:
    resolution: {integrity: sha512-ot0WnXS9fgdkgIcePe6RHNk1WA8+muPa6cSjeR3V8K27q9BB1rTE3R1p7Hv0z1ZyAc8s6Vvv8DIyWf681MAt0w==}
    engines: {node: '>= 0.4'}

  tagged-tag@1.0.0:
    resolution: {integrity: sha512-yEFYrVhod+hdNyx7g5Bnkkb0G6si8HJurOoOEgC8B/O0uXLHlaey/65KRv6cuWBNhBgHKAROVpc7QyYqE5gFng==}
    engines: {node: '>=20'}

  tapable@2.3.3:
    resolution: {integrity: sha512-uxc/zpqFg6x7C8vOE7lh6Lbda8eEL9zmVm/PLeTPBRhh1xCgdWaQ+J1CUieGpIfm2HdtsUpRv+HshiasBMcc6A==}
    engines: {node: '>=6'}

  terminal-size@4.0.1:
    resolution: {integrity: sha512-avMLDQpUI9I5XFrklECw1ZEUPJhqzcwSWsyyI8blhRLT+8N1jLJWLWWYQpB2q2xthq8xDvjZPISVh53T/+CLYQ==}
    engines: {node: '>=18'}

  tsconfig-paths-webpack-plugin@4.2.0:
    resolution: {integrity: sha512-zbem3rfRS8BgeNK50Zz5SIQgXzLafiHjOwUAvk/38/o1jHn/V5QAgVUcz884or7WYcPaH3N2CIfUc2u0ul7UcA==}
    engines: {node: '>=10.13.0'}

  tsconfig-paths@4.2.0:
    resolution: {integrity: sha512-NoZ4roiN7LnbKn9QqE1amc9DJfzvZXxF4xDavcOWt1BPkdx+m+0gJuPM+S0vCe7zTJMYUP0R8pO2XMr+Y8oLIg==}
    engines: {node: '>=6'}

  type-fest@5.9.0:
    resolution: {integrity: sha512-yANm3Jr3GiJ1qgJlxGAVxTOIcEOk1rhQHamlXtnrCK7EHP4HeM9OGxtMg/W7HFdrVzw/ZWJKGVIJusVH85sLtw==}
    engines: {node: '>=20'}

  typescript@5.9.3:
    resolution: {integrity: sha512-jl1vZzPDinLr9eUt3J/t7V6FgNEw9QjvBPdysz9KfQDD41fQrC2Y4vKQdiaUpFT4bXlb1RHhLpp8wtm6M5TgSw==}
    engines: {node: '>=14.17'}
    hasBin: true

  undici-types@8.9.0:
    resolution: {integrity: sha512-KTDyRTYX8sWmKXAikPHHSyc63CRPETMctyjKFupcC6OBLXT3xsN0e9aF7m+mIXutFWpUXuedtowG7iLOzp0kQg==}

  undici@6.28.1:
    resolution: {integrity: sha512-zWpdTVD54H48CIybL0rWQ3ukpb9d23wM7eH5RtfdmeP70cWHNjtfo7P4vZX+5CoDcO53J4Pu5uXp7lNfjc6DRA==}
    engines: {node: '>=18.17'}

  undici@7.29.1:
    resolution: {integrity: sha512-RYONW2MeafgYlkVOKYKkA/Ag7BmXqgIWCa8t1m0JcxrQg9pI9lEqRhAOruOBCbAohOa/gkCF+iPi9hrgvTzu6Q==}
    engines: {node: '>=20.18.1'}

  watskeburt@5.0.3:
    resolution: {integrity: sha512-g9CXukMjazlJJVQ3OHzXsnG25KFYgSgKMIyoJrD8ggr0DbS9UNF7OzIqWmmKKBMedkxj3T01uqEaGnn+y7QhMA==}
    engines: {node: ^20.12||^22.13||>=24.0}
    hasBin: true

  widest-line@6.0.0:
    resolution: {integrity: sha512-U89AsyEeAsyoF0zVJBkG9zBgekjgjK7yk9sje3F4IQpXBJ10TF6ByLlIfjMhcmHMJgHZI4KHt4rdNfktzxIAMA==}
    engines: {node: '>=20'}

  wrap-ansi@10.0.1:
    resolution: {integrity: sha512-M0N4xzyzosiIok3svYlEo1sdLZts/8FPgYH/GPC3wvlmPoRvnoManGMrE54waYj3tISA8w6lsdesfVv67qSr8Q==}
    engines: {node: '>=20'}

  ws@8.21.3:
    resolution: {integrity: sha512-201TZ/kPWxoPr/OKWjquZR1SWKXcvxdH+e1xrx89b3YbmzLMFCLfnaG1HFIgWzJOEWZ7MvpK++odZufgYR50Rw==}
    engines: {node: '>=10.0.0'}
    peerDependencies:
      bufferutil: ^4.0.1
      utf-8-validate: '>=5.0.2'
    peerDependenciesMeta:
      bufferutil:
        optional: true
      utf-8-validate:
        optional: true

  yoga-layout@3.2.1:
    resolution: {integrity: sha512-0LPOt3AxKqMdFBZA3HBAt/t/8vIKq7VaQYbuA8WxCgung+p9TVyKRYdpvCb80HcdTN2NkbIKbhNwKUfm3tQywQ==}

  zod@4.6.5:
    resolution: {integrity: sha512-v5l/aFXZQeai4awLbOpSoHecE9UiMrnfx75tEXLjNonXVARxQ5mOeipTjROUchszUNCqnE+hqAMujRsRHsut2Q==}

snapshots:

  '@ai-sdk/anthropic@4.0.53(zod@4.6.5)':
    dependencies:
      '@ai-sdk/provider': 4.0.14
      '@ai-sdk/provider-utils': 5.0.40(zod@4.6.5)
      zod: 4.6.5

  '@ai-sdk/gateway@4.0.80(zod@4.6.5)':
    dependencies:
      '@ai-sdk/provider': 4.0.14
      '@ai-sdk/provider-utils': 5.0.40(zod@4.6.5)
      '@vercel/oidc': 3.2.0
      zod: 4.6.5

  '@ai-sdk/google@3.0.122(zod@4.6.5)':
    dependencies:
      '@ai-sdk/provider': 3.0.16
      '@ai-sdk/provider-utils': 4.0.51(zod@4.6.5)
      zod: 4.6.5

  '@ai-sdk/openai-compatible@2.0.75(zod@4.6.5)':
    dependencies:
      '@ai-sdk/provider': 3.0.16
      '@ai-sdk/provider-utils': 4.0.51(zod@4.6.5)
      zod: 4.6.5

  '@ai-sdk/openai@3.0.112(zod@4.6.5)':
    dependencies:
      '@ai-sdk/provider': 3.0.16
      '@ai-sdk/provider-utils': 4.0.51(zod@4.6.5)
      zod: 4.6.5

  '@ai-sdk/provider-utils@4.0.51(zod@4.6.5)':
    dependencies:
      '@ai-sdk/provider': 3.0.16
      '@standard-schema/spec': 1.1.0
      eventsource-parser: 3.1.1
      undici: 6.28.1
      zod: 4.6.5

  '@ai-sdk/provider-utils@5.0.40(zod@4.6.5)':
    dependencies:
      '@ai-sdk/provider': 4.0.14
      '@standard-schema/spec': 1.1.0
      '@workflow/serde': 4.1.0
      eventsource-parser: 3.1.1
      undici: 7.29.1
      zod: 4.6.5

  '@ai-sdk/provider@3.0.16':
    dependencies:
      json-schema: 0.4.0

  '@ai-sdk/provider@4.0.14':
    dependencies:
      json-schema: 0.4.0

  '@alcalzone/ansi-tokenize@0.3.0':
    dependencies:
      ansi-styles: 6.2.3
      is-fullwidth-code-point: 5.1.0

  '@biomejs/biome@2.5.13':
    optionalDependencies:
      '@biomejs/cli-darwin-arm64': 2.5.13
      '@biomejs/cli-darwin-x64': 2.5.13
      '@biomejs/cli-linux-arm64': 2.5.13
      '@biomejs/cli-linux-arm64-musl': 2.5.13
      '@biomejs/cli-linux-x64': 2.5.13
      '@biomejs/cli-linux-x64-musl': 2.5.13
      '@biomejs/cli-win32-arm64': 2.5.13
      '@biomejs/cli-win32-x64': 2.5.13

  '@biomejs/cli-darwin-arm64@2.5.13':
    optional: true

  '@biomejs/cli-darwin-x64@2.5.13':
    optional: true

  '@biomejs/cli-linux-arm64-musl@2.5.13':
    optional: true

  '@biomejs/cli-linux-arm64@2.5.13':
    optional: true

  '@biomejs/cli-linux-x64-musl@2.5.13':
    optional: true

  '@biomejs/cli-linux-x64@2.5.13':
    optional: true

  '@biomejs/cli-win32-arm64@2.5.13':
    optional: true

  '@biomejs/cli-win32-x64@2.5.13':
    optional: true

  '@nanostores/react@1.1.0(nanostores@1.5.3)(react@19.3.0)':
    dependencies:
      nanostores: 1.5.3
      react: 19.3.0

  '@standard-schema/spec@1.1.0': {}

  '@types/bun@1.4.2':
    dependencies:
      bun-types: 1.4.2

  '@types/node@26.5.1':
    dependencies:
      undici-types: 8.9.0

  '@types/react@19.3.0':
    dependencies:
      csstype: 3.2.3

  '@vercel/oidc@3.2.0': {}

  '@workflow/serde@4.1.0': {}

  acorn-jsx-walk@2.0.0: {}

  acorn-jsx@5.3.2(acorn@8.16.0):
    dependencies:
      acorn: 8.16.0

  acorn-loose@8.5.2:
    dependencies:
      acorn: 8.16.0

  acorn-walk@8.3.5:
    dependencies:
      acorn: 8.16.0

  acorn@8.16.0: {}

  ai@7.0.99(zod@4.6.5):
    dependencies:
      '@ai-sdk/gateway': 4.0.80(zod@4.6.5)
      '@ai-sdk/provider': 4.0.14
      '@ai-sdk/provider-utils': 5.0.40(zod@4.6.5)
      zod: 4.6.5

  ansi-escapes@7.3.0:
    dependencies:
      environment: 1.1.0

  ansi-regex@6.3.0: {}

  ansi-styles@4.3.0:
    dependencies:
      color-convert: 2.0.1

  ansi-styles@6.2.3: {}

  auto-bind@5.0.1: {}

  bun-types@1.4.2:
    dependencies:
      '@types/node': 26.5.1

  chalk@4.1.2:
    dependencies:
      ansi-styles: 4.3.0
      supports-color: 7.2.0

  chalk@5.6.2: {}

  cli-boxes@4.0.1: {}

  cli-cursor@4.0.0:
    dependencies:
      restore-cursor: 4.0.0

  cli-truncate@6.1.1:
    dependencies:
      slice-ansi: 9.0.0
      string-width: 8.2.2

  code-excerpt@4.0.0:
    dependencies:
      convert-to-spaces: 2.0.1

  color-convert@2.0.1:
    dependencies:
      color-name: 1.1.4

  color-name@1.1.4: {}

  commander@14.0.3: {}

  convert-to-spaces@2.0.1: {}

  csstype@3.2.3: {}

  dependency-cruiser@17.4.3:
    dependencies:
      acorn: 8.16.0
      acorn-jsx: 5.3.2(acorn@8.16.0)
      acorn-jsx-walk: 2.0.0
      acorn-loose: 8.5.2
      acorn-walk: 8.3.5
      commander: 14.0.3
      enhanced-resolve: 5.22.1
      ignore: 7.0.5
      interpret: 3.1.1
      is-installed-globally: 1.0.0
      json5: 2.2.3
      picomatch: 4.0.4
      prompts: 2.4.2
      rechoir: 0.8.0
      safe-regex: 2.1.1
      semver: 7.8.1
      tsconfig-paths-webpack-plugin: 4.2.0
      watskeburt: 5.0.3

  enhanced-resolve@5.22.1:
    dependencies:
      graceful-fs: 4.2.11
      tapable: 2.3.3

  environment@1.1.0: {}

  es-errors@1.3.0: {}

  es-toolkit@1.52.0: {}

  escape-string-regexp@2.0.0: {}

  eventsource-parser@3.1.1: {}

  function-bind@1.1.2: {}

  get-east-asian-width@1.6.0: {}

  global-directory@4.0.1:
    dependencies:
      ini: 4.1.1

  graceful-fs@4.2.11: {}

  has-flag@4.0.0: {}

  hasown@2.0.4:
    dependencies:
      function-bind: 1.1.2

  ignore@7.0.5: {}

  indent-string@5.0.0: {}

  ini@4.1.1: {}

  ink@7.1.1(@types/react@19.3.0)(react@19.3.0):
    dependencies:
      '@alcalzone/ansi-tokenize': 0.3.0
      ansi-escapes: 7.3.0
      ansi-styles: 6.2.3
      auto-bind: 5.0.1
      chalk: 5.6.2
      cli-boxes: 4.0.1
      cli-cursor: 4.0.0
      cli-truncate: 6.1.1
      code-excerpt: 4.0.0
      es-toolkit: 1.52.0
      indent-string: 5.0.0
      is-in-ci: 2.0.0
      patch-console: 2.0.0
      react: 19.3.0
      react-reconciler: 0.33.0(react@19.3.0)
      scheduler: 0.27.0
      signal-exit: 3.0.7
      slice-ansi: 9.0.0
      stack-utils: 2.0.6
      string-width: 8.2.2
      terminal-size: 4.0.1
      type-fest: 5.9.0
      widest-line: 6.0.0
      wrap-ansi: 10.0.1
      ws: 8.21.3
      yoga-layout: 3.2.1
    optionalDependencies:
      '@types/react': 19.3.0
    transitivePeerDependencies:
      - bufferutil
      - utf-8-validate

  interpret@3.1.1: {}

  is-core-module@2.16.2:
    dependencies:
      hasown: 2.0.4

  is-fullwidth-code-point@5.1.0:
    dependencies:
      get-east-asian-width: 1.6.0

  is-in-ci@2.0.0: {}

  is-installed-globally@1.0.0:
    dependencies:
      global-directory: 4.0.1
      is-path-inside: 4.0.0

  is-path-inside@4.0.0: {}

  json-schema@0.4.0: {}

  json5@2.2.3: {}

  kleur@3.0.3: {}

  mimic-fn@2.1.0: {}

  minimist@1.2.8: {}

  nanostores@1.5.3: {}

  onetime@5.1.2:
    dependencies:
      mimic-fn: 2.1.0

  patch-console@2.0.0: {}

  path-parse@1.0.7: {}

  picomatch@4.0.4: {}

  prompts@2.4.2:
    dependencies:
      kleur: 3.0.3
      sisteransi: 1.0.5

  react-reconciler@0.33.0(react@19.3.0):
    dependencies:
      react: 19.3.0
      scheduler: 0.27.0

  react@19.3.0: {}

  rechoir@0.8.0:
    dependencies:
      resolve: 1.22.12

  regexp-tree@0.1.27: {}

  resolve@1.22.12:
    dependencies:
      es-errors: 1.3.0
      is-core-module: 2.16.2
      path-parse: 1.0.7
      supports-preserve-symlinks-flag: 1.0.0

  restore-cursor@4.0.0:
    dependencies:
      onetime: 5.1.2
      signal-exit: 3.0.7

  safe-regex@2.1.1:
    dependencies:
      regexp-tree: 0.1.27

  scheduler@0.27.0: {}

  semver@7.8.1: {}

  signal-exit@3.0.7: {}

  sisteransi@1.0.5: {}

  slice-ansi@9.0.0:
    dependencies:
      ansi-styles: 6.2.3
      is-fullwidth-code-point: 5.1.0

  stack-utils@2.0.6:
    dependencies:
      escape-string-regexp: 2.0.0

  string-width@8.2.2:
    dependencies:
      get-east-asian-width: 1.6.0
      strip-ansi: 7.2.0

  strip-ansi@7.2.0:
    dependencies:
      ansi-regex: 6.3.0

  strip-bom@3.0.0: {}

  supports-color@7.2.0:
    dependencies:
      has-flag: 4.0.0

  supports-preserve-symlinks-flag@1.0.0: {}

  tagged-tag@1.0.0: {}

  tapable@2.3.3: {}

  terminal-size@4.0.1: {}

  tsconfig-paths-webpack-plugin@4.2.0:
    dependencies:
      chalk: 4.1.2
      enhanced-resolve: 5.22.1
      tapable: 2.3.3
      tsconfig-paths: 4.2.0

  tsconfig-paths@4.2.0:
    dependencies:
      json5: 2.2.3
      minimist: 1.2.8
      strip-bom: 3.0.0

  type-fest@5.9.0:
    dependencies:
      tagged-tag: 1.0.0

  typescript@5.9.3: {}

  undici-types@8.9.0: {}

  undici@6.28.1: {}

  undici@7.29.1: {}

  watskeburt@5.0.3: {}

  widest-line@6.0.0:
    dependencies:
      string-width: 8.2.2

  wrap-ansi@10.0.1:
    dependencies:
      ansi-styles: 6.2.3
      string-width: 8.2.2

  ws@8.21.3: {}

  yoga-layout@3.2.1: {}

  zod@4.6.5: {}
